
Microsoft Visual Studio Solution File, Format Version 12.00
# Visual Studio Version 17
VisualStudioVersion = 17.5.33530.505
MinimumVisualStudioVersion = 10.0.40219.1
Project("{8BC9CEB8-8B4A-11D0-8D11-00A0C91BC942}") = "PMFAnalysisofGrayscaleImage", "PMFAnalysisofGrayscaleImage\PMFAnalysisofGrayscaleImage.vcxproj", "{9323FB1A-C7D1-451D-895D-9349F58A852D}"
EndProject
Global
	GlobalSection(SolutionConfigurationPlatforms) = preSolution
		Debug|x64 = Debug|x64
		Debug|x86 = Debug|x86
		Release|x64 = Release|x64
		Release|x86 = Release|x86
	EndGlobalSection
	GlobalSection(ProjectConfigurationPlatforms) = postSolution
		{9323FB1A-C7D1-451D-895D-9349F58A852D}.Debug|x64.ActiveCfg = Debug|x64
		{9323FB1A-C7D1-451D-895D-9349F58A852D}.Debug|x64.Build.0 = Debug|x64
		{9323FB1A-C7D1-451D-895D-9349F58A852D}.Debug|x86.ActiveCfg = Debug|Win32
		{9323FB1A-C7D1-451D-895D-9349F58A852D}.Debug|x86.Build.0 = Debug|Win32
		{9323FB1A-C7D1-451D-895D-9349F58A852D}.Release|x64.ActiveCfg = Release|x64
		{9323FB1A-C7D1-451D-895D-9349F58A852D}.Release|x64.Build.0 = Release|x64
		{9323FB1A-C7D1-451D-895D-9349F58A852D}.Release|x86.ActiveCfg = Release|Win32
		{9323FB1A-C7D1-451D-895D-9349F58A852D}.Release|x86.Build.0 = Release|Win32
	EndGlobalSection
	GlobalSection(SolutionProperties) = preSolution
		HideSolutionNode = FALSE
	EndGlobalSection
	GlobalSection(ExtensibilityGlobals) = postSolution
		SolutionGuid = {DC7D31A6-6BD4-41E2-B558-2D9AADA458A2}
	EndGlobalSection
EndGlobal
